// !$*UTF8*$!
{
	archiveVersion = 1;
	classes = {
	};
	objectVersion = 52;
	objects = {

/* Begin PBXBuildFile section */
		B91936BB24630CC7000C727F /* SwiftyJSON in Frameworks */ = {isa = PBXBuildFile; productRef = B91936BA24630CC7000C727F /* SwiftyJSON */; };
		B91936BE24630DC1000C727F /* SDWebImageSwiftUI in Frameworks */ = {isa = PBXBuildFile; productRef = B91936BD24630DC1000C727F /* SDWebImageSwiftUI */; };
		B928CA1D2462A39B002E5257 /* AppDelegate.swift in Sources */ = {isa = PBXBuildFile; fileRef = B928CA1C2462A39B002E5257 /* AppDelegate.swift */; };
		B928CA1F2462A39B002E5257 /* SceneDelegate.swift in Sources */ = {isa = PBXBuildFile; fileRef = B928CA1E2462A39B002E5257 /* SceneDelegate.swift */; };
		B928CA212462A39B002E5257 /* ContentView.swift in Sources */ = {isa = PBXBuildFile; fileRef = B928CA202462A39B002E5257 /* ContentView.swift */; };
		B928CA232462A39D002E5257 /* Assets.xcassets in Resources */ = {isa = PBXBuildFile; fileRef = B928CA222462A39D002E5257 /* Assets.xcassets */; };
		B928CA262462A39D002E5257 /* Preview Assets.xcassets in Resources */ = {isa = PBXBuildFile; fileRef = B928CA252462A39D002E5257 /* Preview Assets.xcassets */; };
		B928CA292462A39D002E5257 /* LaunchScreen.storyboard in Resources */ = {isa = PBXBuildFile; fileRef = B928CA272462A39D002E5257 /* LaunchScreen.storyboard */; };
		B928CA352462A3B5002E5257 /* NewsFeedModels.swift in Sources */ = {isa = PBXBuildFile; fileRef = B928CA312462A3B5002E5257 /* NewsFeedModels.swift */; };
		B928CA362462A3B5002E5257 /* NewsFeedView.swift in Sources */ = {isa = PBXBuildFile; fileRef = B928CA332462A3B5002E5257 /* NewsFeedView.swift */; };
		B928CA372462A3B5002E5257 /* DetailedNewsView.swift in Sources */ = {isa = PBXBuildFile; fileRef = B928CA342462A3B5002E5257 /* DetailedNewsView.swift */; };
/* End PBXBuildFile section */

/* Begin PBXFileReference section */
		B928CA192462A39B002E5257 /* NewsAppTest.app */ = {isa = PBXFileReference; explicitFileType = wrapper.application; includeInIndex = 0; path = NewsAppTest.app; sourceTree = BUILT_PRODUCTS_DIR; };
		B928CA1C2462A39B002E5257 /* AppDelegate.swift */ = {isa = PBXFileReference; lastKnownFileType = sourcecode.swift; path = AppDelegate.swift; sourceTree = "<group>"; };
		B928CA1E2462A39B002E5257 /* SceneDelegate.swift */ = {isa = PBXFileReference; lastKnownFileType = sourcecode.swift; path = SceneDelegate.swift; sourceTree = "<group>"; };
		B928CA202462A39B002E5257 /* ContentView.swift */ = {isa = PBXFileReference; lastKnownFileType = sourcecode.swift; path = ContentView.swift; sourceTree = "<group>"; };
		B928CA222462A39D002E5257 /* Assets.xcassets */ = {isa = PBXFileReference; lastKnownFileType = folder.assetcatalog; path = Assets.xcassets; sourceTree = "<group>"; };
		B928CA252462A39D002E5257 /* Preview Assets.xcassets */ = {isa = PBXFileReference; lastKnownFileType = folder.assetcatalog; path = "Preview Assets.xcassets"; sourceTree = "<group>"; };
		B928CA282462A39D002E5257 /* Base */ = {isa = PBXFileReference; lastKnownFileType = file.storyboard; name = Base; path = Base.lproj/LaunchScreen.storyboard; sourceTree = "<group>"; };
		B928CA2A2462A39D002E5257 /* Info.plist */ = {isa = PBXFileReference; lastKnownFileType = text.plist.xml; path = Info.plist; sourceTree = "<group>"; };
		B928CA312462A3B5002E5257 /* NewsFeedModels.swift */ = {isa = PBXFileReference; fileEncoding = 4; lastKnownFileType = sourcecode.swift; path = NewsFeedModels.swift; sourceTree = "<group>"; };
		B928CA332462A3B5002E5257 /* NewsFeedView.swift */ = {isa = PBXFileReference; fileEncoding = 4; lastKnownFileType = sourcecode.swift; path = NewsFeedView.swift; sourceTree = "<group>"; };
		B928CA342462A3B5002E5257 /* DetailedNewsView.swift */ = {isa = PBXFileReference; fileEncoding = 4; lastKnownFileType = sourcecode.swift; path = DetailedNewsView.swift; sourceTree = "<group>"; };
/* End PBXFileReference section */

/* Begin PBXFrameworksBuildPhase section */
		B928CA162462A39B002E5257 /* Frameworks */ = {
			isa = PBXFrameworksBuildPhase;
			buildActionMask = 2147483647;
			files = (
				B91936BE24630DC1000C727F /* SDWebImageSwiftUI in Frameworks */,
				B91936BB24630CC7000C727F /* SwiftyJSON in Frameworks */,
			);
			runOnlyForDeploymentPostprocessing = 0;
		};
/* End PBXFrameworksBuildPhase section */

/* Begin PBXGroup section */
		B928CA102462A39B002E5257 = {
			isa = PBXGroup;
			children = (
				B928CA1B2462A39B002E5257 /* NewsAppTest */,
				B928CA1A2462A39B002E5257 /* Products */,
			);
			sourceTree = "<group>";
		};
		B928CA1A2462A39B002E5257 /* Products */ = {
			isa = PBXGroup;
			children = (
				B928CA192462A39B002E5257 /* NewsAppTest.app */,
			);
			name = Products;
			sourceTree = "<group>";
		};
		B928CA1B2462A39B002E5257 /* NewsAppTest */ = {
			isa = PBXGroup;
			children = (
				B928CA302462A3B5002E5257 /* Model */,
				B928CA322462A3B5002E5257 /* View */,
				B928CA1C2462A39B002E5257 /* AppDelegate.swift */,
				B928CA1E2462A39B002E5257 /* SceneDelegate.swift */,
				B928CA202462A39B002E5257 /* ContentView.swift */,
				B928CA222462A39D002E5257 /* Assets.xcassets */,
				B928CA272462A39D002E5257 /* LaunchScreen.storyboard */,
				B928CA2A2462A39D002E5257 /* Info.plist */,
				B928CA242462A39D002E5257 /* Preview Content */,
			);
			path = NewsAppTest;
			sourceTree = "<group>";
		};
		B928CA242462A39D002E5257 /* Preview Content */ = {
			isa = PBXGroup;
			children = (
				B928CA252462A39D002E5257 /* Preview Assets.xcassets */,
			);
			path = "Preview Content";
			sourceTree = "<group>";
		};
		B928CA302462A3B5002E5257 /* Model */ = {
			isa = PBXGroup;
			children = (
				B928CA312462A3B5002E5257 /* NewsFeedModels.swift */,
			);
			name = Model;
			path = ../../NewsApp/NewsApp/Model;
			sourceTree = "<group>";
		};
		B928CA322462A3B5002E5257 /* View */ = {
			isa = PBXGroup;
			children = (
				B928CA332462A3B5002E5257 /* NewsFeedView.swift */,
				B928CA342462A3B5002E5257 /* DetailedNewsView.swift */,
			);
			name = View;
			path = ../../NewsApp/NewsApp/View;
			sourceTree = "<group>";
		};
/* End PBXGroup section */

/* Begin PBXNativeTarget section */
		B928CA182462A39B002E5257 /* NewsAppTest */ = {
			isa = PBXNativeTarget;
			buildConfigurationList = B928CA2D2462A39D002E5257 /* Build configuration list for PBXNativeTarget "NewsAppTest" */;
			buildPhases = (
				B928CA152462A39B002E5257 /* Sources */,
				B928CA162462A39B002E5257 /* Frameworks */,
				B928CA172462A39B002E5257 /* Resources */,
			);
			buildRules = (
			);
			dependencies = (
			);
			name = NewsAppTest;
			packageProductDependencies = (
				B91936BA24630CC7000C727F /* SwiftyJSON */,
				B91936BD24630DC1000C727F /* SDWebImageSwiftUI */,
			);
			productName = NewsAppTest;
			productReference = B928CA192462A39B002E5257 /* NewsAppTest.app */;
			productType = "com.apple.product-type.application";
		};
/* End PBXNativeTarget section */

/* Begin PBXProject section */
		B928CA112462A39B002E5257 /* Project object */ = {
			isa = PBXProject;
			attributes = {
				LastSwiftUpdateCheck = 1140;
				LastUpgradeCheck = 1140;
				ORGANIZATIONNAME = "George Joseph Kristian";
				TargetAttributes = {
					B928CA182462A39B002E5257 = {
						CreatedOnToolsVersion = 11.4.1;
					};
				};
			};
			buildConfigurationList = B928CA142462A39B002E5257 /* Build configuration list for PBXProject "NewsAppTest" */;
			compatibilityVersion = "Xcode 9.3";
			developmentRegion = en;
			hasScannedForEncodings = 0;
			knownRegions = (
				en,
				Base,
			);
			mainGroup = B928CA102462A39B002E5257;
			packageReferences = (
				B91936B924630CC7000C727F /* XCRemoteSwiftPackageReference "SwiftyJSON" */,
				B91936BC24630DC1000C727F /* XCRemoteSwiftPackageReference "SDWebImageSwiftUI" */,
			);
			productRefGroup = B928CA1A2462A39B002E5257 /* Products */;
			projectDirPath = "";
			projectRoot = "";
			targets = (
				B928CA182462A39B002E5257 /* NewsAppTest */,
			);
		};
/* End PBXProject section */

/* Begin PBXResourcesBuildPhase section */
		B928CA172462A39B002E5257 /* Resources */ = {
			isa = PBXResourcesBuildPhase;
			buildActionMask = 2147483647;
			files = (
				B928CA292462A39D002E5257 /* LaunchScreen.storyboard in Resources */,
				B928CA262462A39D002E5257 /* Preview Assets.xcassets in Resources */,
				B928CA232462A39D002E5257 /* Assets.xcassets in Resources */,
			);
			runOnlyForDeploymentPostprocessing = 0;
		};
/* End PBXResourcesBuildPhase section */

/* Begin PBXSourcesBuildPhase section */
		B928CA152462A39B002E5257 /* Sources */ = {
			isa = PBXSourcesBuildPhase;
			buildActionMask = 2147483647;
			files = (
				B928CA352462A3B5002E5257 /* NewsFeedModels.swift in Sources */,
				B928CA362462A3B5002E5257 /* NewsFeedView.swift in Sources */,
				B928CA1D2462A39B002E5257 /* AppDelegate.swift in Sources */,
				B928CA372462A3B5002E5257 /* DetailedNewsView.swift in Sources */,
				B928CA1F2462A39B002E5257 /* SceneDelegate.swift in Sources */,
				B928CA212462A39B002E5257 /* ContentView.swift in Sources */,
			);
			runOnlyForDeploymentPostprocessing = 0;
		};
/* End PBXSourcesBuildPhase section */

/* Begin PBXVariantGroup section */
		B928CA272462A39D002E5257 /* LaunchScreen.storyboard */ = {
			isa = PBXVariantGroup;
			children = (
				B928CA282462A39D002E5257 /* Base */,
			);
			name = LaunchScreen.storyboard;
			sourceTree = "<group>";
		};
/* End PBXVariantGroup section */

/* Begin XCBuildConfiguration section */
		B928CA2B2462A39D002E5257 /* Debug */ = {
			isa = XCBuildConfiguration;
			buildSettings = {
				ALWAYS_SEARCH_USER_PATHS = NO;
				CLANG_ANALYZER_NONNULL = YES;
				CLANG_ANALYZER_NUMBER_OBJECT_CONVERSION = YES_AGGRESSIVE;
				CLANG_CXX_LANGUAGE_STANDARD = "gnu++14";
				CLANG_CXX_LIBRARY = "libc++";
				CLANG_ENABLE_MODULES = YES;
				CLANG_ENABLE_OBJC_ARC = YES;
				CLANG_ENABLE_OBJC_WEAK = YES;
				CLANG_WARN_BLOCK_CAPTURE_AUTORELEASING = YES;
				CLANG_WARN_BOOL_CONVERSION = YES;
				CLANG_WARN_COMMA = YES;
				CLANG_WARN_CONSTANT_CONVERSION = YES;
				CLANG_WARN_DEPRECATED_OBJC_IMPLEMENTATIONS = YES;
				CLANG_WARN_DIRECT_OBJC_ISA_USAGE = YES_ERROR;
				CLANG_WARN_DOCUMENTATION_COMMENTS = YES;
				CLANG_WARN_EMPTY_BODY = YES;
				CLANG_WARN_ENUM_CONVERSION = YES;
				CLANG_WARN_INFINITE_RECURSION = YES;
				CLANG_WARN_INT_CONVERSION = YES;
				CLANG_WARN_NON_LITERAL_NULL_CONVERSION = YES;
				CLANG_WARN_OBJC_IMPLICIT_RETAIN_SELF = YES;
				CLANG_WARN_OBJC_LITERAL_CONVERSION = YES;
				CLANG_WARN_OBJC_ROOT_CLASS = YES_ERROR;
				CLANG_WARN_RANGE_LOOP_ANALYSIS = YES;
				CLANG_WARN_STRICT_PROTOTYPES = YES;
				CLANG_WARN_SUSPICIOUS_MOVE = YES;
				CLANG_WARN_UNGUARDED_AVAILABILITY = YES_AGGRESSIVE;
				CLANG_WARN_UNREACHABLE_CODE = YES;
				CLANG_WARN__DUPLICATE_METHOD_MATCH = YES;
				COPY_PHASE_STRIP = NO;
				DEBUG_INFORMATION_FORMAT = dwarf;
				ENABLE_STRICT_OBJC_MSGSEND = YES;
				ENABLE_TESTABILITY = YES;
				GCC_C_LANGUAGE_STANDARD = gnu11;
				GCC_DYNAMIC_NO_PIC = NO;
				GCC_NO_COMMON_BLOCKS = YES;
				GCC_OPTIMIZATION_LEVEL = 0;
				GCC_PREPROCESSOR_DEFINITIONS = (
					"DEBUG=1",
					"$(inherited)",
				);
				GCC_WARN_64_TO_32_BIT_CONVERSION = YES;
				GCC_WARN_ABOUT_RETURN_TYPE = YES_ERROR;
				GCC_WARN_UNDECLARED_SELECTOR = YES;
				GCC_WARN_UNINITIALIZED_AUTOS = YES_AGGRESSIVE;
				GCC_WARN_UNUSED_FUNCTION = YES;
				GCC_WARN_UNUSED_VARIABLE = YES;
				IPHONEOS_DEPLOYMENT_TARGET = 13.4;
				MTL_ENABLE_DEBUG_INFO = INCLUDE_SOURCE;
				MTL_FAST_MATH = YES;
				ONLY_ACTIVE_ARCH = YES;
				SDKROOT = iphoneos;
				SWIFT_ACTIVE_COMPILATION_CONDITIONS = DEBUG;
				SWIFT_OPTIMIZATION_LEVEL = "-Onone";
			};
			name = Debug;
		};
		B928CA2C2462A39D002E5257 /* Release */ = {
			isa = XCBuildConfiguration;
			buildSettings = {
				ALWAYS_SEARCH_USER_PATHS = NO;
				CLANG_ANALYZER_NONNULL = YES;
				CLANG_ANALYZER_NUMBER_OBJECT_CONVERSION = YES_AGGRESSIVE;
				CLANG_CXX_LANGUAGE_STANDARD = "gnu++14";
				CLANG_CXX_LIBRARY = "libc++";
				CLANG_ENABLE_MODULES = YES;
				CLANG_ENABLE_OBJC_ARC = YES;
				CLANG_ENABLE_OBJC_WEAK = YES;
				CLANG_WARN_BLOCK_CAPTURE_AUTORELEASING = YES;
				CLANG_WARN_BOOL_CONVERSION = YES;
				CLANG_WARN_COMMA = YES;
				CLANG_WARN_CONSTANT_CONVERSION = YES;
				CLANG_WARN_DEPRECATED_OBJC_IMPLEMENTATIONS = YES;
				CLANG_WARN_DIRECT_OBJC_ISA_USAGE = YES_ERROR;
				CLANG_WARN_DOCUMENTATION_COMMENTS = YES;
				CLANG_WARN_EMPTY_BODY = YES;
				CLANG_WARN_ENUM_CONVERSION = YES;
				CLANG_WARN_INFINITE_RECURSION = YES;
				CLANG_WARN_INT_CONVERSION = YES;
				CLANG_WARN_NON_LITERAL_NULL_CONVERSION = YES;
				CLANG_WARN_OBJC_IMPLICIT_RETAIN_SELF = YES;
				CLANG_WARN_OBJC_LITERAL_CONVERSION = YES;
				CLANG_WARN_OBJC_ROOT_CLASS = YES_ERROR;
				CLANG_WARN_RANGE_LOOP_ANALYSIS = YES;
				CLANG_WARN_STRICT_PROTOTYPES = YES;
				CLANG_WARN_SUSPICIOUS_MOVE = YES;
				CLANG_WARN_UNGUARDED_AVAILABILITY = YES_AGGRESSIVE;
				CLANG_WARN_UNREACHABLE_CODE = YES;
				CLANG_WARN__DUPLICATE_METHOD_MATCH = YES;
				COPY_PHASE_STRIP = NO;
				DEBUG_INFORMATION_FORMAT = "dwarf-with-dsym";
				ENABLE_NS_ASSERTIONS = NO;
				ENABLE_STRICT_OBJC_MSGSEND = YES;
				GCC_C_LANGUAGE_STANDARD = gnu11;
				GCC_NO_COMMON_BLOCKS = YES;
				GCC_WARN_64_TO_32_BIT_CONVERSION = YES;
				GCC_WARN_ABOUT_RETURN_TYPE = YES_ERROR;
				GCC_WARN_UNDECLARED_SELECTOR = YES;
				GCC_WARN_UNINITIALIZED_AUTOS = YES_AGGRESSIVE;
				GCC_WARN_UNUSED_FUNCTION = YES;
				GCC_WARN_UNUSED_VARIABLE = YES;
				IPHONEOS_DEPLOYMENT_TARGET = 13.4;
				MTL_ENABLE_DEBUG_INFO = NO;
				MTL_FAST_MATH = YES;
				SDKROOT = iphoneos;
				SWIFT_COMPILATION_MODE = wholemodule;
				SWIFT_OPTIMIZATION_LEVEL = "-O";
				VALIDATE_PRODUCT = YES;
			};
			name = Release;
		};
		B928CA2E2462A39D002E5257 /* Debug */ = {
			isa = XCBuildConfiguration;
			buildSettings = {
				ASSETCATALOG_COMPILER_APPICON_NAME = AppIcon;
				CODE_SIGN_STYLE = Automatic;
				DEVELOPMENT_ASSET_PATHS = "\"NewsAppTest/Preview Content\"";
				DEVELOPMENT_TEAM = A59P6GV5MM;
				ENABLE_PREVIEWS = YES;
				INFOPLIST_FILE = NewsAppTest/Info.plist;
				LD_RUNPATH_SEARCH_PATHS = (
					"$(inherited)",
					"@executable_path/Frameworks",
				);
				PRODUCT_BUNDLE_IDENTIFIER = com.jorjyeah.NewsAppTest;
				PRODUCT_NAME = "$(TARGET_NAME)";
				SWIFT_VERSION = 5.0;
				TARGETED_DEVICE_FAMILY = "1,2";
			};
			name = Debug;
		};
		B928CA2F2462A39D002E5257 /* Release */ = {
			isa = XCBuildConfiguration;
			buildSettings = {
				ASSETCATALOG_COMPILER_APPICON_NAME = AppIcon;
				CODE_SIGN_STYLE = Automatic;
				DEVELOPMENT_ASSET_PATHS = "\"NewsAppTest/Preview Content\"";
				DEVELOPMENT_TEAM = A59P6GV5MM;
				ENABLE_PREVIEWS = YES;
				INFOPLIST_FILE = NewsAppTest/Info.plist;
				LD_RUNPATH_SEARCH_PATHS = (
					"$(inherited)",
					"@executable_path/Frameworks",
				);
				PRODUCT_BUNDLE_IDENTIFIER = com.jorjyeah.NewsAppTest;
				PRODUCT_NAME = "$(TARGET_NAME)";
				SWIFT_VERSION = 5.0;
				TARGETED_DEVICE_FAMILY = "1,2";
			};
			name = Release;
		};
/* End XCBuildConfiguration section */

/* Begin XCConfigurationList section */
		B928CA142462A39B002E5257 /* Build configuration list for PBXProject "NewsAppTest" */ = {
			isa = XCConfigurationList;
			buildConfigurations = (
				B928CA2B2462A39D002E5257 /* Debug */,
				B928CA2C2462A39D002E5257 /* Release */,
			);
			defaultConfigurationIsVisible = 0;
			defaultConfigurationName = Release;
		};
		B928CA2D2462A39D002E5257 /* Build configuration list for PBXNativeTarget "NewsAppTest" */ = {
			isa = XCConfigurationList;
			buildConfigurations = (
				B928CA2E2462A39D002E5257 /* Debug */,
				B928CA2F2462A39D002E5257 /* Release */,
			);
			defaultConfigurationIsVisible = 0;
			defaultConfigurationName = Release;
		};
/* End XCConfigurationList section */

/* Begin XCRemoteSwiftPackageReference section */
		B91936B924630CC7000C727F /* XCRemoteSwiftPackageReference "SwiftyJSON" */ = {
			isa = XCRemoteSwiftPackageReference;
			repositoryURL = "https://github.com/SwiftyJSON/SwiftyJSON.git";
			requirement = {
				kind = upToNextMajorVersion;
				minimumVersion = 5.0.0;
			};
		};
		B91936BC24630DC1000C727F /* XCRemoteSwiftPackageReference "SDWebImageSwiftUI" */ = {
			isa = XCRemoteSwiftPackageReference;
			repositoryURL = "https://github.com/SDWebImage/SDWebImageSwiftUI.git";
			requirement = {
				kind = upToNextMajorVersion;
				minimumVersion = 1.3.4;
			};
		};
/* End XCRemoteSwiftPackageReference section */

/* Begin XCSwiftPackageProductDependency section */
		B91936BA24630CC7000C727F /* SwiftyJSON */ = {
			isa = XCSwiftPackageProductDependency;
			package = B91936B924630CC7000C727F /* XCRemoteSwiftPackageReference "SwiftyJSON" */;
			productName = SwiftyJSON;
		};
		B91936BD24630DC1000C727F /* SDWebImageSwiftUI */ = {
			isa = XCSwiftPackageProductDependency;
			package = B91936BC24630DC1000C727F /* XCRemoteSwiftPackageReference "SDWebImageSwiftUI" */;
			productName = SDWebImageSwiftUI;
		};
/* End XCSwiftPackageProductDependency section */
	};
	rootObject = B928CA112462A39B002E5257 /* Project object */;
}
